
Microsoft Visual Studio Solution File, Format Version 12.00
# Visual Studio Version 16
VisualStudioVersion = 16.0.32407.337
MinimumVisualStudioVersion = 10.0.40219.1
Project("{FAE04EC0-301F-11D3-BF4B-00C04F79EFBC}") = "gaussianElimination", "gaussianElimination\gaussianElimination.csproj", "{BA607802-A824-4604-A77D-768C67D890B2}"
EndProject
Global
	GlobalSection(SolutionConfigurationPlatforms) = preSolution
		Debug|Any CPU = Debug|Any CPU
		Release|Any CPU = Release|Any CPU
	EndGlobalSection
	GlobalSection(ProjectConfigurationPlatforms) = postSolution
		{BA607802-A824-4604-A77D-768C67D890B2}.Debug|Any CPU.ActiveCfg = Debug|Any CPU
		{BA607802-A824-4604-A77D-768C67D890B2}.Debug|Any CPU.Build.0 = Debug|Any CPU
		{BA607802-A824-4604-A77D-768C67D890B2}.Release|Any CPU.ActiveCfg = Release|Any CPU
		{BA607802-A824-4604-A77D-768C67D890B2}.Release|Any CPU.Build.0 = Release|Any CPU
	EndGlobalSection
	GlobalSection(SolutionProperties) = preSolution
		HideSolutionNode = FALSE
	EndGlobalSection
	GlobalSection(ExtensibilityGlobals) = postSolution
		SolutionGuid = {E0CDFE32-B066-4FB5-8E2F-4E4B9525FB3F}
	EndGlobalSection
EndGlobal
