
Microsoft Visual Studio Solution File, Format Version 12.00
# Visual Studio Version 16
VisualStudioVersion = 16.0.32002.261
MinimumVisualStudioVersion = 10.0.40219.1
Project("{FAE04EC0-301F-11D3-BF4B-00C04F79EFBC}") = "bisection", "bisection\bisection.csproj", "{C447448B-D44C-46CE-ADE2-EB74EF256DBF}"
EndProject
Global
	GlobalSection(SolutionConfigurationPlatforms) = preSolution
		Debug|Any CPU = Debug|Any CPU
		Release|Any CPU = Release|Any CPU
	EndGlobalSection
	GlobalSection(ProjectConfigurationPlatforms) = postSolution
		{C447448B-D44C-46CE-ADE2-EB74EF256DBF}.Debug|Any CPU.ActiveCfg = Debug|Any CPU
		{C447448B-D44C-46CE-ADE2-EB74EF256DBF}.Debug|Any CPU.Build.0 = Debug|Any CPU
		{C447448B-D44C-46CE-ADE2-EB74EF256DBF}.Release|Any CPU.ActiveCfg = Release|Any CPU
		{C447448B-D44C-46CE-ADE2-EB74EF256DBF}.Release|Any CPU.Build.0 = Release|Any CPU
	EndGlobalSection
	GlobalSection(SolutionProperties) = preSolution
		HideSolutionNode = FALSE
	EndGlobalSection
	GlobalSection(ExtensibilityGlobals) = postSolution
		SolutionGuid = {7E705FEF-7577-42BE-89DB-AEF26AFF9768}
	EndGlobalSection
EndGlobal
